// !$*UTF8*$!
{
	archiveVersion = 1;
	classes = {
	};
	objectVersion = 46;
	objects = {

/* Begin PBXBuildFile section */
		3E1BC2C614AC710300A67A34 /* Cocoa.framework in Frameworks */ = {isa = PBXBuildFile; fileRef = 3E1BC2C514AC710300A67A34 /* Cocoa.framework */; };
		3E1BC2D014AC710300A67A34 /* Localizable.strings in Resources */ = {isa = PBXBuildFile; fileRef = 3E1BC2CE14AC710300A67A34 /* Localizable.strings */; };
		3E1BC2D214AC710300A67A34 /* main.m in Sources */ = {isa = PBXBuildFile; fileRef = 3E1BC2D114AC710300A67A34 /* main.m */; };
		3E1BC2D614AC710300A67A34 /* Credits.rtf in Resources */ = {isa = PBXBuildFile; fileRef = 3E1BC2D414AC710300A67A34 /* Credits.rtf */; };
		3E1BC2D914AC710300A67A34 /* RTAppDelegate.m in Sources */ = {isa = PBXBuildFile; fileRef = 3E1BC2D814AC710300A67A34 /* RTAppDelegate.m */; };
		3E1BC2DC14AC710300A67A34 /* MainMenu.xib in Resources */ = {isa = PBXBuildFile; fileRef = 3E1BC2DA14AC710300A67A34 /* MainMenu.xib */; };
		3E1BC2E414AC734D00A67A34 /* RTDndView.m in Sources */ = {isa = PBXBuildFile; fileRef = 3E1BC2E314AC734D00A67A34 /* RTDndView.m */; };
		3E4AD24914AE090B00D79465 /* audio-file-icon.png in Resources */ = {isa = PBXBuildFile; fileRef = 3E4AD24814AE090B00D79465 /* audio-file-icon.png */; };
		3E4AD24D14AE0A8100D79465 /* RTImageView.m in Sources */ = {isa = PBXBuildFile; fileRef = 3E4AD24C14AE0A8100D79465 /* RTImageView.m */; };
		3E4AD25414AE3AB800D79465 /* play-button.png in Resources */ = {isa = PBXBuildFile; fileRef = 3E4AD25314AE3AB800D79465 /* play-button.png */; };
		3E9DE8BD14ADF35B00855889 /* CoreMedia.framework in Frameworks */ = {isa = PBXBuildFile; fileRef = 3E9DE8BC14ADF35B00855889 /* CoreMedia.framework */; };
		3EE2356514ACD81200704C2E /* RTSlider.m in Sources */ = {isa = PBXBuildFile; fileRef = 3EE2356414ACD81200704C2E /* RTSlider.m */; };
		3EE6C84B14BEE90600EDA668 /* default.icns in Resources */ = {isa = PBXBuildFile; fileRef = 3EE6C84A14BEE90600EDA668 /* default.icns */; };
		3EF1003114ACAE0E00CEC17A /* AudioToolbox.framework in Frameworks */ = {isa = PBXBuildFile; fileRef = 3EF1003014ACAE0E00CEC17A /* AudioToolbox.framework */; };
		3EF1003314ACB41B00CEC17A /* AVFoundation.framework in Frameworks */ = {isa = PBXBuildFile; fileRef = 3EF1003214ACB41B00CEC17A /* AVFoundation.framework */; };
/* End PBXBuildFile section */

/* Begin PBXFileReference section */
		3E1BC2C114AC710300A67A34 /* EasyRingtones.app */ = {isa = PBXFileReference; explicitFileType = wrapper.application; includeInIndex = 0; path = EasyRingtones.app; sourceTree = BUILT_PRODUCTS_DIR; };
		3E1BC2C514AC710300A67A34 /* Cocoa.framework */ = {isa = PBXFileReference; lastKnownFileType = wrapper.framework; name = Cocoa.framework; path = System/Library/Frameworks/Cocoa.framework; sourceTree = SDKROOT; };
		3E1BC2C814AC710300A67A34 /* AppKit.framework */ = {isa = PBXFileReference; lastKnownFileType = wrapper.framework; name = AppKit.framework; path = System/Library/Frameworks/AppKit.framework; sourceTree = SDKROOT; };
		3E1BC2C914AC710300A67A34 /* CoreData.framework */ = {isa = PBXFileReference; lastKnownFileType = wrapper.framework; name = CoreData.framework; path = System/Library/Frameworks/CoreData.framework; sourceTree = SDKROOT; };
		3E1BC2CA14AC710300A67A34 /* Foundation.framework */ = {isa = PBXFileReference; lastKnownFileType = wrapper.framework; name = Foundation.framework; path = System/Library/Frameworks/Foundation.framework; sourceTree = SDKROOT; };
		3E1BC2CD14AC710300A67A34 /* RingtoneMaker-Info.plist */ = {isa = PBXFileReference; lastKnownFileType = text.plist.xml; path = "RingtoneMaker-Info.plist"; sourceTree = "<group>"; };
		3E1BC2CF14AC710300A67A34 /* en */ = {isa = PBXFileReference; lastKnownFileType = text.plist.strings; name = en; path = en.lproj/Localizable.strings; sourceTree = "<group>"; };
		3E1BC2D114AC710300A67A34 /* main.m */ = {isa = PBXFileReference; lastKnownFileType = sourcecode.c.objc; path = main.m; sourceTree = "<group>"; };
		3E1BC2D314AC710300A67A34 /* RingtoneMaker-Prefix.pch */ = {isa = PBXFileReference; lastKnownFileType = sourcecode.c.h; path = "RingtoneMaker-Prefix.pch"; sourceTree = "<group>"; };
		3E1BC2D514AC710300A67A34 /* en */ = {isa = PBXFileReference; lastKnownFileType = text.rtf; name = en; path = en.lproj/Credits.rtf; sourceTree = "<group>"; };
		3E1BC2D714AC710300A67A34 /* RTAppDelegate.h */ = {isa = PBXFileReference; lastKnownFileType = sourcecode.c.h; path = RTAppDelegate.h; sourceTree = "<group>"; };
		3E1BC2D814AC710300A67A34 /* RTAppDelegate.m */ = {isa = PBXFileReference; lastKnownFileType = sourcecode.c.objc; path = RTAppDelegate.m; sourceTree = "<group>"; };
		3E1BC2DB14AC710300A67A34 /* en */ = {isa = PBXFileReference; lastKnownFileType = file.xib; name = en; path = en.lproj/MainMenu.xib; sourceTree = "<group>"; };
		3E1BC2E214AC734D00A67A34 /* RTDndView.h */ = {isa = PBXFileReference; fileEncoding = 4; lastKnownFileType = sourcecode.c.h; path = RTDndView.h; sourceTree = "<group>"; };
		3E1BC2E314AC734D00A67A34 /* RTDndView.m */ = {isa = PBXFileReference; fileEncoding = 4; lastKnownFileType = sourcecode.c.objc; path = RTDndView.m; sourceTree = "<group>"; };
		3E1BC2E514AC75C700A67A34 /* RTLog.h */ = {isa = PBXFileReference; fileEncoding = 4; lastKnownFileType = sourcecode.c.h; path = RTLog.h; sourceTree = "<group>"; };
		3E4AD24814AE090B00D79465 /* audio-file-icon.png */ = {isa = PBXFileReference; lastKnownFileType = image.png; path = "audio-file-icon.png"; sourceTree = "<group>"; };
		3E4AD24B14AE0A8100D79465 /* RTImageView.h */ = {isa = PBXFileReference; fileEncoding = 4; lastKnownFileType = sourcecode.c.h; path = RTImageView.h; sourceTree = "<group>"; };
		3E4AD24C14AE0A8100D79465 /* RTImageView.m */ = {isa = PBXFileReference; fileEncoding = 4; lastKnownFileType = sourcecode.c.objc; path = RTImageView.m; sourceTree = "<group>"; };
		3E4AD25314AE3AB800D79465 /* play-button.png */ = {isa = PBXFileReference; lastKnownFileType = image.png; path = "play-button.png"; sourceTree = "<group>"; };
		3E9DE8BC14ADF35B00855889 /* CoreMedia.framework */ = {isa = PBXFileReference; lastKnownFileType = wrapper.framework; name = CoreMedia.framework; path = System/Library/Frameworks/CoreMedia.framework; sourceTree = SDKROOT; };
		3EE2356314ACD81200704C2E /* RTSlider.h */ = {isa = PBXFileReference; fileEncoding = 4; lastKnownFileType = sourcecode.c.h; path = RTSlider.h; sourceTree = "<group>"; };
		3EE2356414ACD81200704C2E /* RTSlider.m */ = {isa = PBXFileReference; fileEncoding = 4; lastKnownFileType = sourcecode.c.objc; path = RTSlider.m; sourceTree = "<group>"; };
		3EE6C84A14BEE90600EDA668 /* default.icns */ = {isa = PBXFileReference; lastKnownFileType = image.icns; path = default.icns; sourceTree = "<group>"; };
		3EEDF54C14BCC1E900D62825 /* ru */ = {isa = PBXFileReference; lastKnownFileType = file.xib; name = ru; path = ru.lproj/MainMenu.xib; sourceTree = "<group>"; };
		3EEDF54D14BCC1F600D62825 /* ru */ = {isa = PBXFileReference; lastKnownFileType = text.plist.strings; name = ru; path = ru.lproj/Localizable.strings; sourceTree = "<group>"; };
		3EEDF54E14BCC1FE00D62825 /* ru */ = {isa = PBXFileReference; lastKnownFileType = text.rtf; name = ru; path = ru.lproj/Credits.rtf; sourceTree = "<group>"; };
		3EF1002D14AC9B9300CEC17A /* RTNotifications.h */ = {isa = PBXFileReference; fileEncoding = 4; lastKnownFileType = sourcecode.c.h; path = RTNotifications.h; sourceTree = "<group>"; };
		3EF1003014ACAE0E00CEC17A /* AudioToolbox.framework */ = {isa = PBXFileReference; lastKnownFileType = wrapper.framework; name = AudioToolbox.framework; path = System/Library/Frameworks/AudioToolbox.framework; sourceTree = SDKROOT; };
		3EF1003214ACB41B00CEC17A /* AVFoundation.framework */ = {isa = PBXFileReference; lastKnownFileType = wrapper.framework; name = AVFoundation.framework; path = System/Library/Frameworks/AVFoundation.framework; sourceTree = SDKROOT; };
/* End PBXFileReference section */

/* Begin PBXFrameworksBuildPhase section */
		3E1BC2BE14AC710300A67A34 /* Frameworks */ = {
			isa = PBXFrameworksBuildPhase;
			buildActionMask = 2147483647;
			files = (
				3E9DE8BD14ADF35B00855889 /* CoreMedia.framework in Frameworks */,
				3EF1003314ACB41B00CEC17A /* AVFoundation.framework in Frameworks */,
				3EF1003114ACAE0E00CEC17A /* AudioToolbox.framework in Frameworks */,
				3E1BC2C614AC710300A67A34 /* Cocoa.framework in Frameworks */,
			);
			runOnlyForDeploymentPostprocessing = 0;
		};
/* End PBXFrameworksBuildPhase section */

/* Begin PBXGroup section */
		3E1BC2B614AC710200A67A34 = {
			isa = PBXGroup;
			children = (
				3E1BC2CB14AC710300A67A34 /* RingtoneMaker */,
				3E1BC2C414AC710300A67A34 /* Frameworks */,
				3E1BC2C214AC710300A67A34 /* Products */,
			);
			sourceTree = "<group>";
		};
		3E1BC2C214AC710300A67A34 /* Products */ = {
			isa = PBXGroup;
			children = (
				3E1BC2C114AC710300A67A34 /* EasyRingtones.app */,
			);
			name = Products;
			sourceTree = "<group>";
		};
		3E1BC2C414AC710300A67A34 /* Frameworks */ = {
			isa = PBXGroup;
			children = (
				3E1BC2C514AC710300A67A34 /* Cocoa.framework */,
				3E1BC2C714AC710300A67A34 /* Other Frameworks */,
			);
			name = Frameworks;
			sourceTree = "<group>";
		};
		3E1BC2C714AC710300A67A34 /* Other Frameworks */ = {
			isa = PBXGroup;
			children = (
				3E9DE8BC14ADF35B00855889 /* CoreMedia.framework */,
				3EF1003214ACB41B00CEC17A /* AVFoundation.framework */,
				3E1BC2C814AC710300A67A34 /* AppKit.framework */,
				3EF1003014ACAE0E00CEC17A /* AudioToolbox.framework */,
				3E1BC2C914AC710300A67A34 /* CoreData.framework */,
				3E1BC2CA14AC710300A67A34 /* Foundation.framework */,
			);
			name = "Other Frameworks";
			sourceTree = "<group>";
		};
		3E1BC2CB14AC710300A67A34 /* RingtoneMaker */ = {
			isa = PBXGroup;
			children = (
				3E1BC2E514AC75C700A67A34 /* RTLog.h */,
				3EF1002D14AC9B9300CEC17A /* RTNotifications.h */,
				3E1BC2D714AC710300A67A34 /* RTAppDelegate.h */,
				3E1BC2D814AC710300A67A34 /* RTAppDelegate.m */,
				3E1BC2E214AC734D00A67A34 /* RTDndView.h */,
				3E1BC2E314AC734D00A67A34 /* RTDndView.m */,
				3E4AD24B14AE0A8100D79465 /* RTImageView.h */,
				3E4AD24C14AE0A8100D79465 /* RTImageView.m */,
				3EE2356314ACD81200704C2E /* RTSlider.h */,
				3EE2356414ACD81200704C2E /* RTSlider.m */,
				3E4AD24714AE090B00D79465 /* Resources */,
				3E1BC2CC14AC710300A67A34 /* Supporting Files */,
			);
			path = RingtoneMaker;
			sourceTree = "<group>";
		};
		3E1BC2CC14AC710300A67A34 /* Supporting Files */ = {
			isa = PBXGroup;
			children = (
				3EE6C84A14BEE90600EDA668 /* default.icns */,
				3E1BC2DA14AC710300A67A34 /* MainMenu.xib */,
				3E1BC2CD14AC710300A67A34 /* RingtoneMaker-Info.plist */,
				3E1BC2CE14AC710300A67A34 /* Localizable.strings */,
				3E1BC2D114AC710300A67A34 /* main.m */,
				3E1BC2D314AC710300A67A34 /* RingtoneMaker-Prefix.pch */,
				3E1BC2D414AC710300A67A34 /* Credits.rtf */,
			);
			name = "Supporting Files";
			sourceTree = "<group>";
		};
		3E4AD24714AE090B00D79465 /* Resources */ = {
			isa = PBXGroup;
			children = (
				3E4AD25314AE3AB800D79465 /* play-button.png */,
				3E4AD24814AE090B00D79465 /* audio-file-icon.png */,
			);
			path = Resources;
			sourceTree = "<group>";
		};
/* End PBXGroup section */

/* Begin PBXNativeTarget section */
		3E1BC2C014AC710300A67A34 /* EasyRingtones */ = {
			isa = PBXNativeTarget;
			buildConfigurationList = 3E1BC2DF14AC710300A67A34 /* Build configuration list for PBXNativeTarget "EasyRingtones" */;
			buildPhases = (
				3E1BC2BD14AC710300A67A34 /* Sources */,
				3E1BC2BE14AC710300A67A34 /* Frameworks */,
				3E1BC2BF14AC710300A67A34 /* Resources */,
			);
			buildRules = (
			);
			dependencies = (
			);
			name = EasyRingtones;
			productName = RingtoneMaker;
			productReference = 3E1BC2C114AC710300A67A34 /* EasyRingtones.app */;
			productType = "com.apple.product-type.application";
		};
/* End PBXNativeTarget section */

/* Begin PBXProject section */
		3E1BC2B814AC710200A67A34 /* Project object */ = {
			isa = PBXProject;
			attributes = {
				LastUpgradeCheck = 0420;
				ORGANIZATIONNAME = 7bit;
			};
			buildConfigurationList = 3E1BC2BB14AC710200A67A34 /* Build configuration list for PBXProject "RingtoneMaker" */;
			compatibilityVersion = "Xcode 3.2";
			developmentRegion = English;
			hasScannedForEncodings = 0;
			knownRegions = (
				en,
				ru,
			);
			mainGroup = 3E1BC2B614AC710200A67A34;
			productRefGroup = 3E1BC2C214AC710300A67A34 /* Products */;
			projectDirPath = "";
			projectRoot = "";
			targets = (
				3E1BC2C014AC710300A67A34 /* EasyRingtones */,
			);
		};
/* End PBXProject section */

/* Begin PBXResourcesBuildPhase section */
		3E1BC2BF14AC710300A67A34 /* Resources */ = {
			isa = PBXResourcesBuildPhase;
			buildActionMask = 2147483647;
			files = (
				3E1BC2D014AC710300A67A34 /* Localizable.strings in Resources */,
				3E1BC2D614AC710300A67A34 /* Credits.rtf in Resources */,
				3E1BC2DC14AC710300A67A34 /* MainMenu.xib in Resources */,
				3E4AD24914AE090B00D79465 /* audio-file-icon.png in Resources */,
				3E4AD25414AE3AB800D79465 /* play-button.png in Resources */,
				3EE6C84B14BEE90600EDA668 /* default.icns in Resources */,
			);
			runOnlyForDeploymentPostprocessing = 0;
		};
/* End PBXResourcesBuildPhase section */

/* Begin PBXSourcesBuildPhase section */
		3E1BC2BD14AC710300A67A34 /* Sources */ = {
			isa = PBXSourcesBuildPhase;
			buildActionMask = 2147483647;
			files = (
				3E1BC2D214AC710300A67A34 /* main.m in Sources */,
				3E1BC2D914AC710300A67A34 /* RTAppDelegate.m in Sources */,
				3E1BC2E414AC734D00A67A34 /* RTDndView.m in Sources */,
				3EE2356514ACD81200704C2E /* RTSlider.m in Sources */,
				3E4AD24D14AE0A8100D79465 /* RTImageView.m in Sources */,
			);
			runOnlyForDeploymentPostprocessing = 0;
		};
/* End PBXSourcesBuildPhase section */

/* Begin PBXVariantGroup section */
		3E1BC2CE14AC710300A67A34 /* Localizable.strings */ = {
			isa = PBXVariantGroup;
			children = (
				3E1BC2CF14AC710300A67A34 /* en */,
				3EEDF54D14BCC1F600D62825 /* ru */,
			);
			name = Localizable.strings;
			sourceTree = "<group>";
		};
		3E1BC2D414AC710300A67A34 /* Credits.rtf */ = {
			isa = PBXVariantGroup;
			children = (
				3E1BC2D514AC710300A67A34 /* en */,
				3EEDF54E14BCC1FE00D62825 /* ru */,
			);
			name = Credits.rtf;
			sourceTree = "<group>";
		};
		3E1BC2DA14AC710300A67A34 /* MainMenu.xib */ = {
			isa = PBXVariantGroup;
			children = (
				3E1BC2DB14AC710300A67A34 /* en */,
				3EEDF54C14BCC1E900D62825 /* ru */,
			);
			name = MainMenu.xib;
			sourceTree = "<group>";
		};
/* End PBXVariantGroup section */

/* Begin XCBuildConfiguration section */
		3E1BC2DD14AC710300A67A34 /* Debug */ = {
			isa = XCBuildConfiguration;
			buildSettings = {
				ALWAYS_SEARCH_USER_PATHS = NO;
				ARCHS = "$(ARCHS_STANDARD_64_BIT)";
				COPY_PHASE_STRIP = NO;
				GCC_C_LANGUAGE_STANDARD = gnu99;
				GCC_DYNAMIC_NO_PIC = NO;
				GCC_ENABLE_OBJC_EXCEPTIONS = YES;
				GCC_OPTIMIZATION_LEVEL = 0;
				GCC_PREPROCESSOR_DEFINITIONS = (
					"DEBUG=1",
					"$(inherited)",
				);
				GCC_SYMBOLS_PRIVATE_EXTERN = NO;
				GCC_VERSION = com.apple.compilers.llvm.clang.1_0;
				GCC_WARN_64_TO_32_BIT_CONVERSION = YES;
				GCC_WARN_ABOUT_MISSING_PROTOTYPES = YES;
				GCC_WARN_ABOUT_RETURN_TYPE = YES;
				GCC_WARN_UNUSED_VARIABLE = YES;
				MACOSX_DEPLOYMENT_TARGET = 10.7;
				ONLY_ACTIVE_ARCH = YES;
				SDKROOT = macosx;
			};
			name = Debug;
		};
		3E1BC2DE14AC710300A67A34 /* Release */ = {
			isa = XCBuildConfiguration;
			buildSettings = {
				ALWAYS_SEARCH_USER_PATHS = NO;
				ARCHS = "$(ARCHS_STANDARD_64_BIT)";
				COPY_PHASE_STRIP = YES;
				DEBUG_INFORMATION_FORMAT = "dwarf-with-dsym";
				GCC_C_LANGUAGE_STANDARD = gnu99;
				GCC_ENABLE_OBJC_EXCEPTIONS = YES;
				GCC_VERSION = com.apple.compilers.llvm.clang.1_0;
				GCC_WARN_64_TO_32_BIT_CONVERSION = YES;
				GCC_WARN_ABOUT_MISSING_PROTOTYPES = YES;
				GCC_WARN_ABOUT_RETURN_TYPE = YES;
				GCC_WARN_UNUSED_VARIABLE = YES;
				MACOSX_DEPLOYMENT_TARGET = 10.7;
				SDKROOT = macosx;
			};
			name = Release;
		};
		3E1BC2E014AC710300A67A34 /* Debug */ = {
			isa = XCBuildConfiguration;
			buildSettings = {
				ARCHS = "$(ARCHS_STANDARD_32_64_BIT)";
				CODE_SIGN_IDENTITY = "3rd Party Mac Developer Application";
				GCC_PRECOMPILE_PREFIX_HEADER = YES;
				GCC_PREFIX_HEADER = "RingtoneMaker/RingtoneMaker-Prefix.pch";
				INFOPLIST_FILE = "RingtoneMaker/RingtoneMaker-Info.plist";
				MACOSX_DEPLOYMENT_TARGET = 10.5;
				PRODUCT_NAME = "$(TARGET_NAME)";
				WRAPPER_EXTENSION = app;
			};
			name = Debug;
		};
		3E1BC2E114AC710300A67A34 /* Release */ = {
			isa = XCBuildConfiguration;
			buildSettings = {
				ARCHS = "$(ARCHS_STANDARD_32_64_BIT)";
				CODE_SIGN_IDENTITY = "3rd Party Mac Developer Application";
				GCC_PRECOMPILE_PREFIX_HEADER = YES;
				GCC_PREFIX_HEADER = "RingtoneMaker/RingtoneMaker-Prefix.pch";
				INFOPLIST_FILE = "RingtoneMaker/RingtoneMaker-Info.plist";
				MACOSX_DEPLOYMENT_TARGET = 10.5;
				PRODUCT_NAME = "$(TARGET_NAME)";
				WRAPPER_EXTENSION = app;
			};
			name = Release;
		};
/* End XCBuildConfiguration section */

/* Begin XCConfigurationList section */
		3E1BC2BB14AC710200A67A34 /* Build configuration list for PBXProject "RingtoneMaker" */ = {
			isa = XCConfigurationList;
			buildConfigurations = (
				3E1BC2DD14AC710300A67A34 /* Debug */,
				3E1BC2DE14AC710300A67A34 /* Release */,
			);
			defaultConfigurationIsVisible = 0;
			defaultConfigurationName = Release;
		};
		3E1BC2DF14AC710300A67A34 /* Build configuration list for PBXNativeTarget "EasyRingtones" */ = {
			isa = XCConfigurationList;
			buildConfigurations = (
				3E1BC2E014AC710300A67A34 /* Debug */,
				3E1BC2E114AC710300A67A34 /* Release */,
			);
			defaultConfigurationIsVisible = 0;
			defaultConfigurationName = Release;
		};
/* End XCConfigurationList section */
	};
	rootObject = 3E1BC2B814AC710200A67A34 /* Project object */;
}
